{
  "version": 4,
  "terraform_version": "0.12.18",
  "serial": 288,
  "lineage": "0ca100b8-b8a6-5bec-0fc9-39f8148f2d7b",
  "outputs": {},
  "resources": [
    {
      "mode": "data",
      "type": "aws_caller_identity",
      "name": "current",
      "provider": "provider.aws",
      "instances": [
        {
          "schema_version": 0,
          "attributes": {
            "account_id": "238754394093",
            "arn": "arn:aws:iam::238754394093:user/robbie",
            "id": "2020-01-25 23:11:08.254457 +0000 UTC",
            "user_id": "AIDATPFW657WWBD6CDXBG"
          }
        }
      ]
    },
    {
      "mode": "managed",
      "type": "aws_cloudfront_distribution",
      "name": "wuzinit-product-images-cloudfront-distro",
      "provider": "provider.aws",
      "instances": [
        {
          "schema_version": 1,
          "attributes": {
            "active_trusted_signers": {
              "enabled": "false",
              "items.#": "0"
            },
            "aliases": [],
            "arn": "arn:aws:cloudfront::238754394093:distribution/E2GUS2SI6L2J6D",
            "cache_behavior": [],
            "caller_reference": "2019-11-15T16:31:13.212716-05:00",
            "comment": null,
            "custom_error_response": [],
            "default_cache_behavior": [
              {
                "allowed_methods": [
                  "GET",
                  "HEAD",
                  "OPTIONS"
                ],
                "cached_methods": [
                  "GET",
                  "HEAD"
                ],
                "compress": false,
                "default_ttl": 3600,
                "field_level_encryption_id": "",
                "forwarded_values": [
                  {
                    "cookies": [
                      {
                        "forward": "none",
                        "whitelisted_names": []
                      }
                    ],
                    "headers": [],
                    "query_string": false,
                    "query_string_cache_keys": []
                  }
                ],
                "lambda_function_association": [],
                "max_ttl": 86400,
                "min_ttl": 0,
                "smooth_streaming": false,
                "target_origin_id": "S3-wuzinit-product-images-bucket.s3.us-west-2.amazonaws.com",
                "trusted_signers": [],
                "viewer_protocol_policy": "redirect-to-https"
              }
            ],
            "default_root_object": "",
            "domain_name": "d37c5yx0fg82pb.cloudfront.net",
            "enabled": true,
            "etag": "EX5UOZVHIRISF",
            "hosted_zone_id": "Z2FDTNDATAQYW2",
            "http_version": "http2",
            "id": "E2GUS2SI6L2J6D",
            "in_progress_validation_batches": 0,
            "is_ipv6_enabled": false,
            "last_modified_time": "2019-12-03 14:30:01.629 +0000 UTC",
            "logging_config": [
              {
                "bucket": "wuzinit-product-images-bucket-logs.s3.us-west-2.amazonaws.com",
                "include_cookies": false,
                "prefix": ""
              }
            ],
            "ordered_cache_behavior": [],
            "origin": [
              {
                "custom_header": [],
                "custom_origin_config": [],
                "domain_name": "wuzinit-product-images-bucket.s3.us-west-2.amazonaws.com",
                "origin_id": "S3-wuzinit-product-images-bucket.s3.us-west-2.amazonaws.com",
                "origin_path": "",
                "s3_origin_config": [
                  {
                    "origin_access_identity": "origin-access-identity/cloudfront/E1KH02D0W13LWK"
                  }
                ]
              }
            ],
            "origin_group": [],
            "price_class": "PriceClass_All",
            "restrictions": [
              {
                "geo_restriction": [
                  {
                    "locations": [
                      "CA",
                      "DE",
                      "GB",
                      "US"
                    ],
                    "restriction_type": "whitelist"
                  }
                ]
              }
            ],
            "retain_on_delete": false,
            "status": "Deployed",
            "tags": {},
            "viewer_certificate": [
              {
                "acm_certificate_arn": "",
                "cloudfront_default_certificate": true,
                "iam_certificate_id": "",
                "minimum_protocol_version": "TLSv1",
                "ssl_support_method": ""
              }
            ],
            "wait_for_deployment": true,
            "web_acl_id": ""
          },
          "private": "eyJzY2hlbWFfdmVyc2lvbiI6IjEifQ==",
          "dependencies": [
            "aws_cloudfront_origin_access_identity.wuzinit-product-images-access-identity",
            "aws_s3_bucket.product_images_bucket",
            "aws_s3_bucket.product_images_bucket_logs"
          ]
        }
      ]
    },
    {
      "mode": "managed",
      "type": "aws_cloudfront_origin_access_identity",
      "name": "wuzinit-product-images-access-identity",
      "provider": "provider.aws",
      "instances": [
        {
          "schema_version": 0,
          "attributes": {
            "caller_reference": "2019-11-15T16:24:54.470924-05:00",
            "cloudfront_access_identity_path": "origin-access-identity/cloudfront/E1KH02D0W13LWK",
            "comment": null,
            "etag": "E2CDAR21657CVN",
            "iam_arn": "arn:aws:iam::cloudfront:user/CloudFront Origin Access Identity E1KH02D0W13LWK",
            "id": "E1KH02D0W13LWK",
            "s3_canonical_user_id": "ac010322c804ce62faac1238ef5843ddc7b7d4dfa2f31d1b110495e7c140ed0232931272fd27c445e209305e121995eb"
          },
          "private": "bnVsbA=="
        }
      ]
    },
    {
      "mode": "managed",
      "type": "aws_cloudwatch_log_group",
      "name": "wuzinit_elasticsearch_prod",
      "provider": "provider.aws",
      "instances": [
        {
          "schema_version": 0,
          "attributes": {
            "arn": "arn:aws:logs:us-west-2:238754394093:log-group:wuzinit-elasticsearch/wuzinit-prod:*",
            "id": "wuzinit-elasticsearch/wuzinit-prod",
            "kms_key_id": "",
            "name": "wuzinit-elasticsearch/wuzinit-prod",
            "name_prefix": null,
            "retention_in_days": 0,
            "tags": {}
          },
          "private": "bnVsbA=="
        }
      ]
    },
    {
      "mode": "managed",
      "type": "aws_cloudwatch_log_resource_policy",
      "name": "wuzinit_elasticsearch_resource_policy_prod",
      "provider": "provider.aws",
      "instances": [
        {
          "schema_version": 0,
          "attributes": {
            "id": "wuzinit-elasticsearch/wuzinit-prod",
            "policy_document": "{\"Version\":\"2012-10-17\",\"Statement\":[{\"Effect\":\"Allow\",\"Principal\":{\"Service\":\"es.amazonaws.com\"},\"Action\":[\"logs:PutLogEvents\",\"logs:PutLogEventsBatch\",\"logs:CreateLogStream\"],\"Resource\":\"arn:aws:logs:us-west-2:238754394093:log-group:wuzinit-elasticsearch/wuzinit-prod:*\"}]}",
            "policy_name": "wuzinit-elasticsearch/wuzinit-prod"
          },
          "private": "bnVsbA==",
          "dependencies": [
            "aws_cloudwatch_log_group.wuzinit_elasticsearch_prod"
          ]
        }
      ]
    },
    {
      "mode": "managed",
      "type": "aws_codebuild_project",
      "name": "allergies_codebuild",
      "provider": "provider.aws",
      "instances": [
        {
          "schema_version": 0,
          "attributes": {
            "arn": "arn:aws:codebuild:us-west-2:238754394093:project/wuzinit-allergies-prod",
            "artifacts": [
              {
                "encryption_disabled": false,
                "location": "",
                "name": "",
                "namespace_type": "",
                "packaging": "",
                "path": "",
                "type": "NO_ARTIFACTS"
              }
            ],
            "badge_enabled": false,
            "badge_url": "",
            "build_timeout": 5,
            "cache": [
              {
                "location": "",
                "modes": [
                  "LOCAL_DOCKER_LAYER_CACHE",
                  "LOCAL_SOURCE_CACHE"
                ],
                "type": "LOCAL"
              }
            ],
            "description": "pipeline for prod allergies service",
            "encryption_key": "arn:aws:kms:us-west-2:238754394093:alias/aws/s3",
            "environment": [
              {
                "certificate": "",
                "compute_type": "BUILD_GENERAL1_SMALL",
                "environment_variable": [],
                "image": "238754394093.dkr.ecr.us-west-2.amazonaws.com/wuzinit-codebuild-image:latest",
                "image_pull_credentials_type": "SERVICE_ROLE",
                "privileged_mode": false,
                "registry_credential": [],
                "type": "LINUX_CONTAINER"
              }
            ],
            "id": "arn:aws:codebuild:us-west-2:238754394093:project/wuzinit-allergies-prod",
            "logs_config": [
              {
                "cloudwatch_logs": [
                  {
                    "group_name": "log-group",
                    "status": "ENABLED",
                    "stream_name": "log-stream"
                  }
                ],
                "s3_logs": [
                  {
                    "encryption_disabled": false,
                    "location": "wuzinit-codebuild-logs/prod-build-log/wuzinit-allergies-prod",
                    "status": "ENABLED"
                  }
                ]
              }
            ],
            "name": "wuzinit-allergies-prod",
            "secondary_artifacts": [],
            "secondary_sources": [],
            "service_role": "arn:aws:iam::238754394093:role/wuzinit-codebuild-role",
            "source": [
              {
                "auth": [
                  {
                    "resource": "",
                    "type": "OAUTH"
                  }
                ],
                "buildspec": "version: 0.2\n\nphases:\n  install:\n    runtime-versions:\n      nodejs: 10\n    commands:\n      - echo Install phase started on `date`\n      - cd allergies\n    finally:\n      - echo Install phase completed on `date`\n  pre_build:\n    commands:\n      - echo Pre-Test phase started on `date`\n      - npm i\n    finally:\n      - echo Pre-Test phase completed on `date`\n  build:\n    commands:\n      - echo Test phase started on `date`\n    finally:\n      - echo Test phase completed on `date`\n  post_build:\n    commands:\n      - echo Deploy phase started on `date`\n      - npm run prod -- --force\n    finally:\n      - echo Deploy phase completed on `date`\n",
                "git_clone_depth": 1,
                "insecure_ssl": false,
                "location": "https://bitbucket.org/glennium/wuzinit-serverless-backend.git",
                "report_build_status": false,
                "type": "BITBUCKET"
              }
            ],
            "tags": {
              "Environment": "Prod"
            },
            "vpc_config": []
          },
          "private": "bnVsbA==",
          "dependencies": [
            "aws_ecr_repository.codebuild_image",
            "aws_iam_role.codebuild_role",
            "aws_s3_bucket.codebuild_logs"
          ]
        }
      ]
    },
    {
      "mode": "managed",
      "type": "aws_codebuild_project",
      "name": "medical_codebuild",
      "provider": "provider.aws",
      "instances": [
        {
          "schema_version": 0,
          "attributes": {
            "arn": "arn:aws:codebuild:us-west-2:238754394093:project/wuzinit-medical-prod",
            "artifacts": [
              {
                "encryption_disabled": false,
                "location": "",
                "name": "",
                "namespace_type": "",
                "packaging": "",
                "path": "",
                "type": "NO_ARTIFACTS"
              }
            ],
            "badge_enabled": false,
            "badge_url": "",
            "build_timeout": 5,
            "cache": [
              {
                "location": "",
                "modes": [
                  "LOCAL_DOCKER_LAYER_CACHE",
                  "LOCAL_SOURCE_CACHE"
                ],
                "type": "LOCAL"
              }
            ],
            "description": "pipeline for prod medical conditions service",
            "encryption_key": "arn:aws:kms:us-west-2:238754394093:alias/aws/s3",
            "environment": [
              {
                "certificate": "",
                "compute_type": "BUILD_GENERAL1_SMALL",
                "environment_variable": [],
                "image": "238754394093.dkr.ecr.us-west-2.amazonaws.com/wuzinit-codebuild-image:latest",
                "image_pull_credentials_type": "SERVICE_ROLE",
                "privileged_mode": false,
                "registry_credential": [],
                "type": "LINUX_CONTAINER"
              }
            ],
            "id": "arn:aws:codebuild:us-west-2:238754394093:project/wuzinit-medical-prod",
            "logs_config": [
              {
                "cloudwatch_logs": [
                  {
                    "group_name": "log-group",
                    "status": "ENABLED",
                    "stream_name": "log-stream"
                  }
                ],
                "s3_logs": [
                  {
                    "encryption_disabled": false,
                    "location": "wuzinit-codebuild-logs/prod-build-log/wuzinit-medical-prod",
                    "status": "ENABLED"
                  }
                ]
              }
            ],
            "name": "wuzinit-medical-prod",
            "secondary_artifacts": [],
            "secondary_sources": [],
            "service_role": "arn:aws:iam::238754394093:role/wuzinit-codebuild-role",
            "source": [
              {
                "auth": [
                  {
                    "resource": "",
                    "type": "OAUTH"
                  }
                ],
                "buildspec": "version: 0.2\n\nphases:\n  install:\n    runtime-versions:\n      nodejs: 10\n    commands:\n      - echo Install phase started on `date`\n      - cd medicalConditions\n    finally:\n      - echo Install phase completed on `date`\n  pre_build:\n    commands:\n      - echo Pre-Test phase started on `date`\n      - npm i\n    finally:\n      - echo Pre-Test phase completed on `date`\n  build:\n    commands:\n      - echo Test phase started on `date`\n    finally:\n      - echo Test phase completed on `date`\n  post_build:\n    commands:\n      - echo Deploy phase started on `date`\n      - npm run prod -- --force\n    finally:\n      - echo Deploy phase completed on `date`\n",
                "git_clone_depth": 1,
                "insecure_ssl": false,
                "location": "https://bitbucket.org/glennium/wuzinit-serverless-backend.git",
                "report_build_status": false,
                "type": "BITBUCKET"
              }
            ],
            "tags": {
              "Environment": "Prod"
            },
            "vpc_config": []
          },
          "private": "bnVsbA==",
          "dependencies": [
            "aws_ecr_repository.codebuild_image",
            "aws_iam_role.codebuild_role",
            "aws_s3_bucket.codebuild_logs"
          ]
        }
      ]
    },
    {
      "mode": "managed",
      "type": "aws_codebuild_project",
      "name": "products_codebuild",
      "provider": "provider.aws",
      "instances": [
        {
          "schema_version": 0,
          "attributes": {
            "arn": "arn:aws:codebuild:us-west-2:238754394093:project/wuzinit-products-prod",
            "artifacts": [
              {
                "encryption_disabled": false,
                "location": "",
                "name": "",
                "namespace_type": "",
                "packaging": "",
                "path": "",
                "type": "NO_ARTIFACTS"
              }
            ],
            "badge_enabled": false,
            "badge_url": "",
            "build_timeout": 5,
            "cache": [
              {
                "location": "",
                "modes": [
                  "LOCAL_DOCKER_LAYER_CACHE",
                  "LOCAL_SOURCE_CACHE"
                ],
                "type": "LOCAL"
              }
            ],
            "description": "pipeline for prod products service",
            "encryption_key": "arn:aws:kms:us-west-2:238754394093:alias/aws/s3",
            "environment": [
              {
                "certificate": "",
                "compute_type": "BUILD_GENERAL1_SMALL",
                "environment_variable": [],
                "image": "238754394093.dkr.ecr.us-west-2.amazonaws.com/wuzinit-codebuild-image:latest",
                "image_pull_credentials_type": "SERVICE_ROLE",
                "privileged_mode": false,
                "registry_credential": [],
                "type": "LINUX_CONTAINER"
              }
            ],
            "id": "arn:aws:codebuild:us-west-2:238754394093:project/wuzinit-products-prod",
            "logs_config": [
              {
                "cloudwatch_logs": [
                  {
                    "group_name": "log-group",
                    "status": "ENABLED",
                    "stream_name": "log-stream"
                  }
                ],
                "s3_logs": [
                  {
                    "encryption_disabled": false,
                    "location": "wuzinit-codebuild-logs/prod-build-log/wuzinit-products-prod",
                    "status": "ENABLED"
                  }
                ]
              }
            ],
            "name": "wuzinit-products-prod",
            "secondary_artifacts": [],
            "secondary_sources": [],
            "service_role": "arn:aws:iam::238754394093:role/wuzinit-codebuild-role",
            "source": [
              {
                "auth": [
                  {
                    "resource": "",
                    "type": "OAUTH"
                  }
                ],
                "buildspec": "version: 0.2\n\nphases:\n  install:\n    runtime-versions:\n      nodejs: 10\n    commands:\n      - echo Install phase started on `date`\n      - cd products\n    finally:\n      - echo Install phase completed on `date`\n  pre_build:\n    commands:\n      - echo Pre-Test phase started on `date`\n      - npm i\n    finally:\n      - echo Pre-Test phase completed on `date`\n  build:\n    commands:\n      - echo Test phase started on `date`\n    finally:\n      - echo Test phase completed on `date`\n  post_build:\n    commands:\n      - echo Deploy phase started on `date`\n      - npm run prod -- --force\n    finally:\n      - echo Deploy phase completed on `date`\n",
                "git_clone_depth": 1,
                "insecure_ssl": false,
                "location": "https://bitbucket.org/glennium/wuzinit-serverless-backend.git",
                "report_build_status": false,
                "type": "BITBUCKET"
              }
            ],
            "tags": {
              "Environment": "Prod"
            },
            "vpc_config": []
          },
          "private": "bnVsbA==",
          "dependencies": [
            "aws_ecr_repository.codebuild_image",
            "aws_iam_role.codebuild_role",
            "aws_s3_bucket.codebuild_logs"
          ]
        }
      ]
    },
    {
      "mode": "managed",
      "type": "aws_codebuild_project",
      "name": "profile_codebuild",
      "provider": "provider.aws",
      "instances": [
        {
          "schema_version": 0,
          "attributes": {
            "arn": "arn:aws:codebuild:us-west-2:238754394093:project/wuzinit-profile-prod",
            "artifacts": [
              {
                "encryption_disabled": false,
                "location": "",
                "name": "",
                "namespace_type": "",
                "packaging": "",
                "path": "",
                "type": "NO_ARTIFACTS"
              }
            ],
            "badge_enabled": false,
            "badge_url": "",
            "build_timeout": 5,
            "cache": [
              {
                "location": "",
                "modes": [
                  "LOCAL_DOCKER_LAYER_CACHE",
                  "LOCAL_SOURCE_CACHE"
                ],
                "type": "LOCAL"
              }
            ],
            "description": "pipeline for prod profile service",
            "encryption_key": "arn:aws:kms:us-west-2:238754394093:alias/aws/s3",
            "environment": [
              {
                "certificate": "",
                "compute_type": "BUILD_GENERAL1_SMALL",
                "environment_variable": [],
                "image": "238754394093.dkr.ecr.us-west-2.amazonaws.com/wuzinit-codebuild-image:latest",
                "image_pull_credentials_type": "SERVICE_ROLE",
                "privileged_mode": false,
                "registry_credential": [],
                "type": "LINUX_CONTAINER"
              }
            ],
            "id": "arn:aws:codebuild:us-west-2:238754394093:project/wuzinit-profile-prod",
            "logs_config": [
              {
                "cloudwatch_logs": [
                  {
                    "group_name": "log-group",
                    "status": "ENABLED",
                    "stream_name": "log-stream"
                  }
                ],
                "s3_logs": [
                  {
                    "encryption_disabled": false,
                    "location": "wuzinit-codebuild-logs/prod-build-log/wuzinit-profile-prod",
                    "status": "ENABLED"
                  }
                ]
              }
            ],
            "name": "wuzinit-profile-prod",
            "secondary_artifacts": [],
            "secondary_sources": [],
            "service_role": "arn:aws:iam::238754394093:role/wuzinit-codebuild-role",
            "source": [
              {
                "auth": [
                  {
                    "resource": "",
                    "type": "OAUTH"
                  }
                ],
                "buildspec": "version: 0.2\n\nphases:\n  install:\n    runtime-versions:\n      nodejs: 10\n    commands:\n      - echo Install phase started on `date`\n      - cd profile\n    finally:\n      - echo Install phase completed on `date`\n  pre_build:\n    commands:\n      - echo Pre-Test phase started on `date`\n      - npm i\n    finally:\n      - echo Pre-Test phase completed on `date`\n  build:\n    commands:\n      - echo Test phase started on `date`\n    finally:\n      - echo Test phase completed on `date`\n  post_build:\n    commands:\n      - echo Deploy phase started on `date`\n      - npm run prod -- --force\n    finally:\n      - echo Deploy phase completed on `date`\n",
                "git_clone_depth": 1,
                "insecure_ssl": false,
                "location": "https://bitbucket.org/glennium/wuzinit-serverless-backend.git",
                "report_build_status": false,
                "type": "BITBUCKET"
              }
            ],
            "tags": {
              "Environment": "Prod"
            },
            "vpc_config": []
          },
          "private": "bnVsbA==",
          "dependencies": [
            "aws_ecr_repository.codebuild_image",
            "aws_iam_role.codebuild_role",
            "aws_s3_bucket.codebuild_logs"
          ]
        }
      ]
    },
    {
      "mode": "managed",
      "type": "aws_codebuild_project",
      "name": "util_codebuild",
      "provider": "provider.aws",
      "instances": [
        {
          "schema_version": 0,
          "attributes": {
            "arn": "arn:aws:codebuild:us-west-2:238754394093:project/wuzinit-util-prod",
            "artifacts": [
              {
                "encryption_disabled": false,
                "location": "",
                "name": "",
                "namespace_type": "",
                "packaging": "",
                "path": "",
                "type": "NO_ARTIFACTS"
              }
            ],
            "badge_enabled": false,
            "badge_url": "",
            "build_timeout": 5,
            "cache": [
              {
                "location": "",
                "modes": [
                  "LOCAL_DOCKER_LAYER_CACHE",
                  "LOCAL_SOURCE_CACHE"
                ],
                "type": "LOCAL"
              }
            ],
            "description": "pipeline for prod util service",
            "encryption_key": "arn:aws:kms:us-west-2:238754394093:alias/aws/s3",
            "environment": [
              {
                "certificate": "",
                "compute_type": "BUILD_GENERAL1_SMALL",
                "environment_variable": [],
                "image": "238754394093.dkr.ecr.us-west-2.amazonaws.com/wuzinit-codebuild-image:latest",
                "image_pull_credentials_type": "SERVICE_ROLE",
                "privileged_mode": false,
                "registry_credential": [],
                "type": "LINUX_CONTAINER"
              }
            ],
            "id": "arn:aws:codebuild:us-west-2:238754394093:project/wuzinit-util-prod",
            "logs_config": [
              {
                "cloudwatch_logs": [
                  {
                    "group_name": "log-group",
                    "status": "ENABLED",
                    "stream_name": "log-stream"
                  }
                ],
                "s3_logs": [
                  {
                    "encryption_disabled": false,
                    "location": "wuzinit-codebuild-logs/prod-build-log/wuzinit-util-prod",
                    "status": "ENABLED"
                  }
                ]
              }
            ],
            "name": "wuzinit-util-prod",
            "secondary_artifacts": [],
            "secondary_sources": [],
            "service_role": "arn:aws:iam::238754394093:role/wuzinit-codebuild-role",
            "source": [
              {
                "auth": [
                  {
                    "resource": "",
                    "type": "OAUTH"
                  }
                ],
                "buildspec": "version: 0.2\n\nphases:\n  install:\n    runtime-versions:\n      nodejs: 10\n    commands:\n      - echo Install phase started on `date`\n      - cd util\n    finally:\n      - echo Install phase completed on `date`\n  pre_build:\n    commands:\n      - echo Pre-Test phase started on `date`\n      - npm i\n    finally:\n      - echo Pre-Test phase completed on `date`\n  build:\n    commands:\n      - echo Test phase started on `date`\n    finally:\n      - echo Test phase completed on `date`\n  post_build:\n    commands:\n      - echo Deploy phase started on `date`\n      - npm run prod -- --force\n    finally:\n      - echo Deploy phase completed on `date`\n",
                "git_clone_depth": 1,
                "insecure_ssl": false,
                "location": "https://bitbucket.org/glennium/wuzinit-serverless-backend.git",
                "report_build_status": false,
                "type": "BITBUCKET"
              }
            ],
            "tags": {
              "Environment": "Prod"
            },
            "vpc_config": []
          },
          "private": "bnVsbA==",
          "dependencies": [
            "aws_ecr_repository.codebuild_image",
            "aws_iam_role.codebuild_role",
            "aws_s3_bucket.codebuild_logs"
          ]
        }
      ]
    },
    {
      "mode": "managed",
      "type": "aws_codebuild_webhook",
      "name": "allergies_codebuild_webhook",
      "provider": "provider.aws",
      "instances": [
        {
          "schema_version": 0,
          "attributes": {
            "branch_filter": "",
            "filter_group": [
              {
                "filter": [
                  {
                    "exclude_matched_pattern": false,
                    "pattern": "PUSH",
                    "type": "EVENT"
                  },
                  {
                    "exclude_matched_pattern": false,
                    "pattern": "master",
                    "type": "HEAD_REF"
                  }
                ]
              }
            ],
            "id": "wuzinit-allergies-prod",
            "payload_url": "https://codebuild.us-west-2.amazonaws.com/webhooks?t=eyJlbmNyeXB0ZWREYXRhIjoiVVkzUVZiT0diNmd2YS8yVWJhWnh6TGg2TS9vVHd4Y2EvcG5XSmlzdFlQL1paMmY4aUVuY0Jycm4xSzdUamdxREsxZmkwbTlrdUNTSjRRYWZjQ2RKTC80PSIsIml2UGFyYW1ldGVyU3BlYyI6IlF5Ny9vT25sNHhlUk5Ob3oiLCJtYXRlcmlhbFNldFNlcmlhbCI6MX0%3D\u0026v=1",
            "project_name": "wuzinit-allergies-prod",
            "secret": "",
            "url": "https://api.bitbucket.org/2.0/repositories/glennium/wuzinit-serverless-backend/hooks/%7Bdd276811-46b2-420c-885c-5147f1a4489b%7D"
          },
          "private": "bnVsbA==",
          "dependencies": [
            "aws_codebuild_project.allergies_codebuild",
            "aws_ecr_repository.codebuild_image",
            "aws_iam_role.codebuild_role",
            "aws_s3_bucket.codebuild_logs"
          ]
        }
      ]
    },
    {
      "mode": "managed",
      "type": "aws_codebuild_webhook",
      "name": "medical_codebuild_webhook",
      "provider": "provider.aws",
      "instances": [
        {
          "schema_version": 0,
          "attributes": {
            "branch_filter": "",
            "filter_group": [
              {
                "filter": [
                  {
                    "exclude_matched_pattern": false,
                    "pattern": "PUSH",
                    "type": "EVENT"
                  },
                  {
                    "exclude_matched_pattern": false,
                    "pattern": "master",
                    "type": "HEAD_REF"
                  }
                ]
              }
            ],
            "id": "wuzinit-medical-prod",
            "payload_url": "https://codebuild.us-west-2.amazonaws.com/webhooks?t=eyJlbmNyeXB0ZWREYXRhIjoiOW85U2IxU1UvYkJCWGVLT0NoeTdHQ2FlZ2ZpSjQvRmlsL0l6aGxFeGVJVk0wRTJYbFVEdVZzYUdWNjZGaTVUdnFKbU1KOFgvYmFJaTFONGt3QWMvSmpnPSIsIml2UGFyYW1ldGVyU3BlYyI6InZCS09UeEI0U1JrNFVNcloiLCJtYXRlcmlhbFNldFNlcmlhbCI6MX0%3D\u0026v=1",
            "project_name": "wuzinit-medical-prod",
            "secret": "",
            "url": "https://api.bitbucket.org/2.0/repositories/glennium/wuzinit-serverless-backend/hooks/%7Be4e10c3e-604a-4a14-969b-ccc6cbc2629a%7D"
          },
          "private": "bnVsbA==",
          "dependencies": [
            "aws_codebuild_project.medical_codebuild",
            "aws_ecr_repository.codebuild_image",
            "aws_iam_role.codebuild_role",
            "aws_s3_bucket.codebuild_logs"
          ]
        }
      ]
    },
    {
      "mode": "managed",
      "type": "aws_codebuild_webhook",
      "name": "products_codebuild_webhook",
      "provider": "provider.aws",
      "instances": [
        {
          "schema_version": 0,
          "attributes": {
            "branch_filter": "",
            "filter_group": [
              {
                "filter": [
                  {
                    "exclude_matched_pattern": false,
                    "pattern": "PUSH",
                    "type": "EVENT"
                  },
                  {
                    "exclude_matched_pattern": false,
                    "pattern": "master",
                    "type": "HEAD_REF"
                  }
                ]
              }
            ],
            "id": "wuzinit-products-prod",
            "payload_url": "https://codebuild.us-west-2.amazonaws.com/webhooks?t=eyJlbmNyeXB0ZWREYXRhIjoiUzJNOWU0V2tHUUdqSzJURzJFeGsvT3gvVUNoUS93bkJLejBDWTFtbFJCakcwako3LzN5RmQ0K1M1QU5sZFZjWGgrU1YzNHZIQi95LzNUU2lUT0NHZHRVPSIsIml2UGFyYW1ldGVyU3BlYyI6ImkwMnIzUmoxZWdWT3BRajUiLCJtYXRlcmlhbFNldFNlcmlhbCI6MX0%3D\u0026v=1",
            "project_name": "wuzinit-products-prod",
            "secret": "",
            "url": "https://api.bitbucket.org/2.0/repositories/glennium/wuzinit-serverless-backend/hooks/%7Be6da2b6b-a497-4ce1-8d24-e9f16fad4620%7D"
          },
          "private": "bnVsbA==",
          "dependencies": [
            "aws_codebuild_project.products_codebuild",
            "aws_ecr_repository.codebuild_image",
            "aws_iam_role.codebuild_role",
            "aws_s3_bucket.codebuild_logs"
          ]
        }
      ]
    },
    {
      "mode": "managed",
      "type": "aws_codebuild_webhook",
      "name": "profile_codebuild_webhook",
      "provider": "provider.aws",
      "instances": [
        {
          "schema_version": 0,
          "attributes": {
            "branch_filter": "",
            "filter_group": [
              {
                "filter": [
                  {
                    "exclude_matched_pattern": false,
                    "pattern": "PUSH",
                    "type": "EVENT"
                  },
                  {
                    "exclude_matched_pattern": false,
                    "pattern": "master",
                    "type": "HEAD_REF"
                  }
                ]
              }
            ],
            "id": "wuzinit-profile-prod",
            "payload_url": "https://codebuild.us-west-2.amazonaws.com/webhooks?t=eyJlbmNyeXB0ZWREYXRhIjoic2FvT2pBTlozenhQTEcvOXJ3b1JQWVZ2ZjJkSzgrZm5sWVhpc3Vxb3NyU2Y1WU5WV3kvRjRsNkZVQ3JFSmorRk1MZThxWEcvTmFsQ2ZSdk1BNWZnQURFPSIsIml2UGFyYW1ldGVyU3BlYyI6IkJpTFZVOUQraFljSndxVGwiLCJtYXRlcmlhbFNldFNlcmlhbCI6MX0%3D\u0026v=1",
            "project_name": "wuzinit-profile-prod",
            "secret": "",
            "url": "https://api.bitbucket.org/2.0/repositories/glennium/wuzinit-serverless-backend/hooks/%7B3e08e3d8-6199-48a0-b122-b00c75b200d9%7D"
          },
          "private": "bnVsbA==",
          "dependencies": [
            "aws_codebuild_project.profile_codebuild",
            "aws_ecr_repository.codebuild_image",
            "aws_iam_role.codebuild_role",
            "aws_s3_bucket.codebuild_logs"
          ]
        }
      ]
    },
    {
      "mode": "managed",
      "type": "aws_codebuild_webhook",
      "name": "util_codebuild_webhook",
      "provider": "provider.aws",
      "instances": [
        {
          "schema_version": 0,
          "attributes": {
            "branch_filter": "",
            "filter_group": [
              {
                "filter": [
                  {
                    "exclude_matched_pattern": false,
                    "pattern": "PUSH",
                    "type": "EVENT"
                  },
                  {
                    "exclude_matched_pattern": false,
                    "pattern": "master",
                    "type": "HEAD_REF"
                  }
                ]
              }
            ],
            "id": "wuzinit-util-prod",
            "payload_url": "https://codebuild.us-west-2.amazonaws.com/webhooks?t=eyJlbmNyeXB0ZWREYXRhIjoiMkRFR2JOQjZkOFlaNHRNQ2JrRHNDNUYxVzRpUFFhd0FwalFoN0U0dXRxMlluRENxTXFVc1kzdVhnb21DVjNjcEdTOHpnRmcrSmJCRThKaG5MSVRkWkF3PSIsIml2UGFyYW1ldGVyU3BlYyI6IkdDZDVYUmtEL1I3QlRWczQiLCJtYXRlcmlhbFNldFNlcmlhbCI6MX0%3D\u0026v=1",
            "project_name": "wuzinit-util-prod",
            "secret": "",
            "url": "https://api.bitbucket.org/2.0/repositories/glennium/wuzinit-serverless-backend/hooks/%7B7f4a6153-cb7c-4498-b01e-90fce0545dac%7D"
          },
          "private": "bnVsbA==",
          "dependencies": [
            "aws_codebuild_project.util_codebuild",
            "aws_ecr_repository.codebuild_image",
            "aws_iam_role.codebuild_role",
            "aws_s3_bucket.codebuild_logs"
          ]
        }
      ]
    },
    {
      "mode": "managed",
      "type": "aws_cognito_resource_server",
      "name": "resource",
      "provider": "provider.aws",
      "instances": [
        {
          "schema_version": 0,
          "attributes": {
            "id": "us-west-2_FbdljGJSe|https://wuzinit.com",
            "identifier": "https://wuzinit.com",
            "name": "wuzinit-resource-server",
            "scope": [],
            "scope_identifiers": [],
            "user_pool_id": "us-west-2_FbdljGJSe"
          },
          "private": "bnVsbA==",
          "dependencies": [
            "aws_cognito_user_pool.wuzinit-users"
          ]
        }
      ]
    },
    {
      "mode": "managed",
      "type": "aws_cognito_user_pool",
      "name": "wuzinit-users",
      "provider": "provider.aws",
      "instances": [
        {
          "schema_version": 0,
          "attributes": {
            "admin_create_user_config": [
              {
                "allow_admin_create_user_only": false,
                "invite_message_template": [],
                "unused_account_validity_days": 7
              }
            ],
            "alias_attributes": null,
            "arn": "arn:aws:cognito-idp:us-west-2:238754394093:userpool/us-west-2_FbdljGJSe",
            "auto_verified_attributes": [
              "email"
            ],
            "creation_date": "2019-08-19T21:20:52Z",
            "device_configuration": [],
            "email_configuration": [
              {
                "email_sending_account": "COGNITO_DEFAULT",
                "reply_to_email_address": "",
                "source_arn": ""
              }
            ],
            "email_verification_message": "Please verify your email. {####}",
            "email_verification_subject": "Welcome to Wuzinit!",
            "endpoint": "cognito-idp.us-west-2.amazonaws.com/us-west-2_FbdljGJSe",
            "id": "us-west-2_FbdljGJSe",
            "lambda_config": [],
            "last_modified_date": "2019-08-19T21:48:32Z",
            "mfa_configuration": "OFF",
            "name": "wuzinit-users-pool",
            "password_policy": [
              {
                "minimum_length": 8,
                "require_lowercase": true,
                "require_numbers": true,
                "require_symbols": false,
                "require_uppercase": true
              }
            ],
            "schema": [
              {
                "attribute_data_type": "String",
                "developer_only_attribute": false,
                "mutable": false,
                "name": "email",
                "number_attribute_constraints": [],
                "required": true,
                "string_attribute_constraints": [
                  {
                    "max_length": "2048",
                    "min_length": "7"
                  }
                ]
              }
            ],
            "sms_authentication_message": null,
            "sms_configuration": [],
            "sms_verification_message": null,
            "tags": {
              "Environment": "production",
              "Name": "UserPool"
            },
            "user_pool_add_ons": [],
            "username_attributes": null,
            "verification_message_template": [
              {
                "default_email_option": "CONFIRM_WITH_CODE",
                "email_message": "Please verify your email. {####}",
                "email_message_by_link": "",
                "email_subject": "Welcome to Wuzinit!",
                "email_subject_by_link": "",
                "sms_message": ""
              }
            ]
          },
          "private": "bnVsbA=="
        }
      ]
    },
    {
      "mode": "managed",
      "type": "aws_cognito_user_pool_client",
      "name": "wuzinit-client",
      "provider": "provider.aws",
      "instances": [
        {
          "schema_version": 0,
          "attributes": {
            "allowed_oauth_flows": [
              "code",
              "implicit"
            ],
            "allowed_oauth_flows_user_pool_client": true,
            "allowed_oauth_scopes": [
              "email",
              "openid",
              "phone"
            ],
            "callback_urls": [
              "https://localhost/login-success"
            ],
            "client_secret": "pc5bisl3m4ghv8qm567254j61poiouupmftpgs80t917mgrrmg8",
            "default_redirect_uri": "",
            "explicit_auth_flows": [],
            "generate_secret": true,
            "id": "1i8d0jefbqk3rguhkn80hlhvpt",
            "logout_urls": [
              "https://localhost/logout-success"
            ],
            "name": "wuzinit-client",
            "read_attributes": [],
            "refresh_token_validity": 30,
            "supported_identity_providers": [
              "COGNITO"
            ],
            "user_pool_id": "us-west-2_FbdljGJSe",
            "write_attributes": []
          },
          "private": "bnVsbA==",
          "dependencies": [
            "aws_cognito_user_pool.wuzinit-users"
          ]
        }
      ]
    },
    {
      "mode": "managed",
      "type": "aws_cognito_user_pool_domain",
      "name": "wuzinit-domain",
      "provider": "provider.aws",
      "instances": [
        {
          "schema_version": 0,
          "attributes": {
            "aws_account_id": "238754394093",
            "certificate_arn": "",
            "cloudfront_distribution_arn": "dpp0gtxikpq3y.cloudfront.net",
            "domain": "wuzinit",
            "id": "wuzinit",
            "s3_bucket": "aws-cognito-prod-pdx-assets",
            "user_pool_id": "us-west-2_FbdljGJSe",
            "version": "20190819212052"
          },
          "private": "bnVsbA==",
          "dependencies": [
            "aws_cognito_user_pool.wuzinit-users"
          ]
        }
      ]
    },
    {
      "mode": "managed",
      "type": "aws_dynamodb_table",
      "name": "allergy",
      "provider": "provider.aws",
      "instances": [
        {
          "schema_version": 1,
          "attributes": {
            "arn": "arn:aws:dynamodb:us-west-2:238754394093:table/Allergy",
            "attribute": [
              {
                "name": "id",
                "type": "S"
              }
            ],
            "billing_mode": "PAY_PER_REQUEST",
            "global_secondary_index": [],
            "hash_key": "id",
            "id": "Allergy",
            "local_secondary_index": [],
            "name": "Allergy",
            "point_in_time_recovery": [
              {
                "enabled": false
              }
            ],
            "range_key": null,
            "read_capacity": 0,
            "server_side_encryption": [],
            "stream_arn": "",
            "stream_enabled": false,
            "stream_label": "",
            "stream_view_type": "",
            "tags": {
              "Environment": "production",
              "Name": "Allergy"
            },
            "timeouts": null,
            "ttl": [
              {
                "attribute_name": "",
                "enabled": false
              }
            ],
            "write_capacity": 0
          },
          "private": "eyJlMmJmYjczMC1lY2FhLTExZTYtOGY4OC0zNDM2M2JjN2M0YzAiOnsiY3JlYXRlIjo2MDAwMDAwMDAwMDAsImRlbGV0ZSI6NjAwMDAwMDAwMDAwLCJ1cGRhdGUiOjM2MDAwMDAwMDAwMDB9LCJzY2hlbWFfdmVyc2lvbiI6IjEifQ=="
        }
      ]
    },
    {
      "mode": "managed",
      "type": "aws_dynamodb_table",
      "name": "ingredient",
      "provider": "provider.aws",
      "instances": [
        {
          "schema_version": 1,
          "attributes": {
            "arn": "arn:aws:dynamodb:us-west-2:238754394093:table/Ingredient",
            "attribute": [
              {
                "name": "id",
                "type": "S"
              }
            ],
            "billing_mode": "PAY_PER_REQUEST",
            "global_secondary_index": [],
            "hash_key": "id",
            "id": "Ingredient",
            "local_secondary_index": [],
            "name": "Ingredient",
            "point_in_time_recovery": [
              {
                "enabled": false
              }
            ],
            "range_key": null,
            "read_capacity": 0,
            "server_side_encryption": [],
            "stream_arn": "",
            "stream_enabled": false,
            "stream_label": "",
            "stream_view_type": "",
            "tags": {
              "Environment": "production",
              "Name": "Ingredient"
            },
            "timeouts": null,
            "ttl": [
              {
                "attribute_name": "",
                "enabled": false
              }
            ],
            "write_capacity": 0
          },
          "private": "eyJlMmJmYjczMC1lY2FhLTExZTYtOGY4OC0zNDM2M2JjN2M0YzAiOnsiY3JlYXRlIjo2MDAwMDAwMDAwMDAsImRlbGV0ZSI6NjAwMDAwMDAwMDAwLCJ1cGRhdGUiOjM2MDAwMDAwMDAwMDB9LCJzY2hlbWFfdmVyc2lvbiI6IjEifQ=="
        }
      ]
    },
    {
      "mode": "managed",
      "type": "aws_dynamodb_table",
      "name": "lifestyle",
      "provider": "provider.aws",
      "instances": [
        {
          "schema_version": 1,
          "attributes": {
            "arn": "arn:aws:dynamodb:us-west-2:238754394093:table/Lifestyle",
            "attribute": [
              {
                "name": "id",
                "type": "S"
              }
            ],
            "billing_mode": "PAY_PER_REQUEST",
            "global_secondary_index": [],
            "hash_key": "id",
            "id": "Lifestyle",
            "local_secondary_index": [],
            "name": "Lifestyle",
            "point_in_time_recovery": [
              {
                "enabled": false
              }
            ],
            "range_key": null,
            "read_capacity": 0,
            "server_side_encryption": [],
            "stream_arn": "",
            "stream_enabled": false,
            "stream_label": "",
            "stream_view_type": "",
            "tags": {
              "Environment": "production",
              "Name": "Lifestyle"
            },
            "timeouts": null,
            "ttl": [
              {
                "attribute_name": "",
                "enabled": false
              }
            ],
            "write_capacity": 0
          },
          "private": "eyJlMmJmYjczMC1lY2FhLTExZTYtOGY4OC0zNDM2M2JjN2M0YzAiOnsiY3JlYXRlIjo2MDAwMDAwMDAwMDAsImRlbGV0ZSI6NjAwMDAwMDAwMDAwLCJ1cGRhdGUiOjM2MDAwMDAwMDAwMDB9LCJzY2hlbWFfdmVyc2lvbiI6IjEifQ=="
        }
      ]
    },
    {
      "mode": "managed",
      "type": "aws_dynamodb_table",
      "name": "medical",
      "provider": "provider.aws",
      "instances": [
        {
          "schema_version": 1,
          "attributes": {
            "arn": "arn:aws:dynamodb:us-west-2:238754394093:table/Medical",
            "attribute": [
              {
                "name": "id",
                "type": "S"
              }
            ],
            "billing_mode": "PAY_PER_REQUEST",
            "global_secondary_index": [],
            "hash_key": "id",
            "id": "Medical",
            "local_secondary_index": [],
            "name": "Medical",
            "point_in_time_recovery": [
              {
                "enabled": false
              }
            ],
            "range_key": null,
            "read_capacity": 0,
            "server_side_encryption": [],
            "stream_arn": "",
            "stream_enabled": false,
            "stream_label": "",
            "stream_view_type": "",
            "tags": {
              "Environment": "production",
              "Name": "Medical"
            },
            "timeouts": null,
            "ttl": [
              {
                "attribute_name": "",
                "enabled": false
              }
            ],
            "write_capacity": 0
          },
          "private": "eyJlMmJmYjczMC1lY2FhLTExZTYtOGY4OC0zNDM2M2JjN2M0YzAiOnsiY3JlYXRlIjo2MDAwMDAwMDAwMDAsImRlbGV0ZSI6NjAwMDAwMDAwMDAwLCJ1cGRhdGUiOjM2MDAwMDAwMDAwMDB9LCJzY2hlbWFfdmVyc2lvbiI6IjEifQ=="
        }
      ]
    },
    {
      "mode": "managed",
      "type": "aws_dynamodb_table",
      "name": "product-updates",
      "provider": "provider.aws",
      "instances": [
        {
          "schema_version": 1,
          "attributes": {
            "arn": "arn:aws:dynamodb:us-west-2:238754394093:table/ProductUpdates",
            "attribute": [
              {
                "name": "code",
                "type": "S"
              }
            ],
            "billing_mode": "PAY_PER_REQUEST",
            "global_secondary_index": [],
            "hash_key": "code",
            "id": "ProductUpdates",
            "local_secondary_index": [],
            "name": "ProductUpdates",
            "point_in_time_recovery": [
              {
                "enabled": false
              }
            ],
            "range_key": null,
            "read_capacity": 0,
            "server_side_encryption": [],
            "stream_arn": "",
            "stream_enabled": false,
            "stream_label": "",
            "stream_view_type": "",
            "tags": {
              "Environment": "production",
              "Name": "ProductUpdates"
            },
            "timeouts": null,
            "ttl": [
              {
                "attribute_name": "",
                "enabled": false
              }
            ],
            "write_capacity": 0
          },
          "private": "eyJlMmJmYjczMC1lY2FhLTExZTYtOGY4OC0zNDM2M2JjN2M0YzAiOnsiY3JlYXRlIjo2MDAwMDAwMDAwMDAsImRlbGV0ZSI6NjAwMDAwMDAwMDAwLCJ1cGRhdGUiOjM2MDAwMDAwMDAwMDB9LCJzY2hlbWFfdmVyc2lvbiI6IjEifQ=="
        }
      ]
    },
    {
      "mode": "managed",
      "type": "aws_dynamodb_table",
      "name": "profile",
      "provider": "provider.aws",
      "instances": [
        {
          "schema_version": 1,
          "attributes": {
            "arn": "arn:aws:dynamodb:us-west-2:238754394093:table/Profile",
            "attribute": [
              {
                "name": "id",
                "type": "S"
              },
              {
                "name": "primaryUserEmail",
                "type": "S"
              }
            ],
            "billing_mode": "PAY_PER_REQUEST",
            "global_secondary_index": [
              {
                "hash_key": "primaryUserEmail",
                "name": "Profile_EmailIndex",
                "non_key_attributes": [],
                "projection_type": "ALL",
                "range_key": "",
                "read_capacity": 0,
                "write_capacity": 0
              }
            ],
            "hash_key": "id",
            "id": "Profile",
            "local_secondary_index": [],
            "name": "Profile",
            "point_in_time_recovery": [
              {
                "enabled": false
              }
            ],
            "range_key": null,
            "read_capacity": 0,
            "server_side_encryption": [],
            "stream_arn": "",
            "stream_enabled": false,
            "stream_label": "",
            "stream_view_type": "",
            "tags": {
              "Environment": "production",
              "Name": "Profile"
            },
            "timeouts": null,
            "ttl": [
              {
                "attribute_name": "",
                "enabled": false
              }
            ],
            "write_capacity": 0
          },
          "private": "eyJlMmJmYjczMC1lY2FhLTExZTYtOGY4OC0zNDM2M2JjN2M0YzAiOnsiY3JlYXRlIjo2MDAwMDAwMDAwMDAsImRlbGV0ZSI6NjAwMDAwMDAwMDAwLCJ1cGRhdGUiOjM2MDAwMDAwMDAwMDB9LCJzY2hlbWFfdmVyc2lvbiI6IjEifQ=="
        }
      ]
    },
    {
      "mode": "managed",
      "type": "aws_dynamodb_table",
      "name": "user",
      "provider": "provider.aws",
      "instances": [
        {
          "schema_version": 1,
          "attributes": {
            "arn": "arn:aws:dynamodb:us-west-2:238754394093:table/User",
            "attribute": [
              {
                "name": "email",
                "type": "S"
              },
              {
                "name": "id",
                "type": "S"
              }
            ],
            "billing_mode": "PAY_PER_REQUEST",
            "global_secondary_index": [
              {
                "hash_key": "email",
                "name": "User_EmailIndex",
                "non_key_attributes": [],
                "projection_type": "ALL",
                "range_key": "",
                "read_capacity": 0,
                "write_capacity": 0
              }
            ],
            "hash_key": "id",
            "id": "User",
            "local_secondary_index": [],
            "name": "User",
            "point_in_time_recovery": [
              {
                "enabled": false
              }
            ],
            "range_key": null,
            "read_capacity": 0,
            "server_side_encryption": [],
            "stream_arn": "",
            "stream_enabled": false,
            "stream_label": "",
            "stream_view_type": "",
            "tags": {
              "Environment": "production",
              "Name": "User"
            },
            "timeouts": null,
            "ttl": [
              {
                "attribute_name": "",
                "enabled": false
              }
            ],
            "write_capacity": 0
          },
          "private": "eyJlMmJmYjczMC1lY2FhLTExZTYtOGY4OC0zNDM2M2JjN2M0YzAiOnsiY3JlYXRlIjo2MDAwMDAwMDAwMDAsImRlbGV0ZSI6NjAwMDAwMDAwMDAwLCJ1cGRhdGUiOjM2MDAwMDAwMDAwMDB9LCJzY2hlbWFfdmVyc2lvbiI6IjEifQ=="
        }
      ]
    },
    {
      "mode": "managed",
      "type": "aws_dynamodb_table",
      "name": "wuzinit-in-app-purchase-confirmation",
      "provider": "provider.aws",
      "instances": [
        {
          "schema_version": 1,
          "attributes": {
            "arn": "arn:aws:dynamodb:us-west-2:238754394093:table/WuzinitInAppPurchaseConfirmations",
            "attribute": [
              {
                "name": "profileId",
                "type": "S"
              },
              {
                "name": "transactionId",
                "type": "S"
              }
            ],
            "billing_mode": "PAY_PER_REQUEST",
            "global_secondary_index": [],
            "hash_key": "profileId",
            "id": "WuzinitInAppPurchaseConfirmations",
            "local_secondary_index": [],
            "name": "WuzinitInAppPurchaseConfirmations",
            "point_in_time_recovery": [
              {
                "enabled": false
              }
            ],
            "range_key": "transactionId",
            "read_capacity": 0,
            "server_side_encryption": [],
            "stream_arn": "",
            "stream_enabled": false,
            "stream_label": "",
            "stream_view_type": "",
            "tags": {
              "Environment": "production",
              "Name": "WuzinitInAppPurchaseConfirmations"
            },
            "timeouts": null,
            "ttl": [
              {
                "attribute_name": "",
                "enabled": false
              }
            ],
            "write_capacity": 0
          },
          "private": "eyJlMmJmYjczMC1lY2FhLTExZTYtOGY4OC0zNDM2M2JjN2M0YzAiOnsiY3JlYXRlIjo2MDAwMDAwMDAwMDAsImRlbGV0ZSI6NjAwMDAwMDAwMDAwLCJ1cGRhdGUiOjM2MDAwMDAwMDAwMDB9LCJzY2hlbWFfdmVyc2lvbiI6IjEifQ=="
        }
      ]
    },
    {
      "mode": "managed",
      "type": "aws_dynamodb_table",
      "name": "wuzinit-points",
      "provider": "provider.aws",
      "instances": [
        {
          "schema_version": 1,
          "attributes": {
            "arn": "arn:aws:dynamodb:us-west-2:238754394093:table/WuzinitPoints",
            "attribute": [
              {
                "name": "profileId",
                "type": "S"
              }
            ],
            "billing_mode": "PAY_PER_REQUEST",
            "global_secondary_index": [],
            "hash_key": "profileId",
            "id": "WuzinitPoints",
            "local_secondary_index": [],
            "name": "WuzinitPoints",
            "point_in_time_recovery": [
              {
                "enabled": false
              }
            ],
            "range_key": null,
            "read_capacity": 0,
            "server_side_encryption": [],
            "stream_arn": "",
            "stream_enabled": false,
            "stream_label": "",
            "stream_view_type": "",
            "tags": {
              "Environment": "production",
              "Name": "WuzinitPoints"
            },
            "timeouts": null,
            "ttl": [
              {
                "attribute_name": "",
                "enabled": false
              }
            ],
            "write_capacity": 0
          },
          "private": "eyJlMmJmYjczMC1lY2FhLTExZTYtOGY4OC0zNDM2M2JjN2M0YzAiOnsiY3JlYXRlIjo2MDAwMDAwMDAwMDAsImRlbGV0ZSI6NjAwMDAwMDAwMDAwLCJ1cGRhdGUiOjM2MDAwMDAwMDAwMDB9LCJzY2hlbWFfdmVyc2lvbiI6IjEifQ=="
        }
      ]
    },
    {
      "mode": "managed",
      "type": "aws_dynamodb_table",
      "name": "wuzinit-premium-feature",
      "provider": "provider.aws",
      "instances": [
        {
          "schema_version": 1,
          "attributes": {
            "arn": "arn:aws:dynamodb:us-west-2:238754394093:table/WuzinitPremiumFeature",
            "attribute": [
              {
                "name": "featureId",
                "type": "S"
              }
            ],
            "billing_mode": "PAY_PER_REQUEST",
            "global_secondary_index": [],
            "hash_key": "featureId",
            "id": "WuzinitPremiumFeature",
            "local_secondary_index": [],
            "name": "WuzinitPremiumFeature",
            "point_in_time_recovery": [
              {
                "enabled": false
              }
            ],
            "range_key": null,
            "read_capacity": 0,
            "server_side_encryption": [],
            "stream_arn": "",
            "stream_enabled": false,
            "stream_label": "",
            "stream_view_type": "",
            "tags": {
              "Environment": "production",
              "Name": "WuzinitPremiumFeature"
            },
            "timeouts": null,
            "ttl": [
              {
                "attribute_name": "",
                "enabled": false
              }
            ],
            "write_capacity": 0
          },
          "private": "eyJlMmJmYjczMC1lY2FhLTExZTYtOGY4OC0zNDM2M2JjN2M0YzAiOnsiY3JlYXRlIjo2MDAwMDAwMDAwMDAsImRlbGV0ZSI6NjAwMDAwMDAwMDAwLCJ1cGRhdGUiOjM2MDAwMDAwMDAwMDB9LCJzY2hlbWFfdmVyc2lvbiI6IjEifQ=="
        }
      ]
    },
    {
      "mode": "managed",
      "type": "aws_dynamodb_table",
      "name": "wuzinit-premium-feature-purchase",
      "provider": "provider.aws",
      "instances": [
        {
          "schema_version": 1,
          "attributes": {
            "arn": "arn:aws:dynamodb:us-west-2:238754394093:table/WuzinitPremiumFeaturePurchase",
            "attribute": [
              {
                "name": "profileId",
                "type": "S"
              },
              {
                "name": "transactionId",
                "type": "S"
              }
            ],
            "billing_mode": "PAY_PER_REQUEST",
            "global_secondary_index": [],
            "hash_key": "profileId",
            "id": "WuzinitPremiumFeaturePurchase",
            "local_secondary_index": [],
            "name": "WuzinitPremiumFeaturePurchase",
            "point_in_time_recovery": [
              {
                "enabled": false
              }
            ],
            "range_key": "transactionId",
            "read_capacity": 0,
            "server_side_encryption": [],
            "stream_arn": "",
            "stream_enabled": false,
            "stream_label": "",
            "stream_view_type": "",
            "tags": {
              "Environment": "production",
              "Name": "WuzinitPremiumFeaturePurchase"
            },
            "timeouts": null,
            "ttl": [
              {
                "attribute_name": "",
                "enabled": false
              }
            ],
            "write_capacity": 0
          },
          "private": "eyJlMmJmYjczMC1lY2FhLTExZTYtOGY4OC0zNDM2M2JjN2M0YzAiOnsiY3JlYXRlIjo2MDAwMDAwMDAwMDAsImRlbGV0ZSI6NjAwMDAwMDAwMDAwLCJ1cGRhdGUiOjM2MDAwMDAwMDAwMDB9LCJzY2hlbWFfdmVyc2lvbiI6IjEifQ=="
        }
      ]
    },
    {
      "mode": "managed",
      "type": "aws_ecr_repository",
      "name": "codebuild_image",
      "provider": "provider.aws",
      "instances": [
        {
          "schema_version": 0,
          "attributes": {
            "arn": "arn:aws:ecr:us-west-2:238754394093:repository/wuzinit-codebuild-image",
            "id": "wuzinit-codebuild-image",
            "name": "wuzinit-codebuild-image",
            "registry_id": "238754394093",
            "repository_url": "238754394093.dkr.ecr.us-west-2.amazonaws.com/wuzinit-codebuild-image",
            "tags": {},
            "timeouts": null
          },
          "private": "eyJlMmJmYjczMC1lY2FhLTExZTYtOGY4OC0zNDM2M2JjN2M0YzAiOnsiZGVsZXRlIjoxMjAwMDAwMDAwMDAwfX0="
        }
      ]
    },
    {
      "mode": "managed",
      "type": "aws_eip",
      "name": "nat_eip",
      "provider": "provider.aws",
      "instances": [
        {
          "schema_version": 0,
          "attributes": {
            "allocation_id": null,
            "associate_with_private_ip": null,
            "association_id": "eipassoc-0df546f3b05f34c18",
            "domain": "vpc",
            "id": "eipalloc-0ab35ffff8ae521c4",
            "instance": "",
            "network_interface": "eni-045504c1ff858b984",
            "private_dns": "ip-10-0-192-72.us-west-2.compute.internal",
            "private_ip": "10.0.192.72",
            "public_dns": "ec2-52-36-179-92.us-west-2.compute.amazonaws.com",
            "public_ip": "52.36.179.92",
            "public_ipv4_pool": "amazon",
            "tags": {
              "Environment": "production",
              "Name": "wuzinit NAT EIP"
            },
            "timeouts": null,
            "vpc": true
          },
          "private": "eyJlMmJmYjczMC1lY2FhLTExZTYtOGY4OC0zNDM2M2JjN2M0YzAiOnsiZGVsZXRlIjoxODAwMDAwMDAwMDAsInJlYWQiOjkwMDAwMDAwMDAwMCwidXBkYXRlIjozMDAwMDAwMDAwMDB9fQ=="
        }
      ]
    },
    {
      "mode": "managed",
      "type": "aws_elasticsearch_domain",
      "name": "wuzinit_elasticsearch_prod",
      "provider": "provider.aws",
      "instances": [
        {
          "schema_version": 0,
          "attributes": {
            "access_policies": "{\"Statement\":[{\"Action\":\"es:*\",\"Condition\":{\"IpAddress\":{\"aws:SourceIp\":\"52.36.179.92\"}},\"Effect\":\"Allow\",\"Principal\":\"*\",\"Resource\":\"arn:aws:es:us-west-2:238754394093:domain/wuzinit-prod/*\"},{\"Action\":\"es:*\",\"Condition\":{\"IpAddress\":{\"aws:SourceIp\":\"76.90.65.87/32\"}},\"Effect\":\"Allow\",\"Principal\":\"*\",\"Resource\":\"arn:aws:es:us-west-2:238754394093:domain/wuzinit-prod/*\"}],\"Version\":\"2012-10-17\"}",
            "advanced_options": {
              "rest.action.multi.allow_explicit_index": "true"
            },
            "arn": "arn:aws:es:us-west-2:238754394093:domain/wuzinit-prod",
            "cluster_config": [
              {
                "dedicated_master_count": 0,
                "dedicated_master_enabled": false,
                "dedicated_master_type": "",
                "instance_count": 1,
                "instance_type": "t2.medium.elasticsearch",
                "zone_awareness_config": [],
                "zone_awareness_enabled": false
              }
            ],
            "cognito_options": [
              {
                "enabled": false,
                "identity_pool_id": "",
                "role_arn": "",
                "user_pool_id": ""
              }
            ],
            "domain_id": "238754394093/wuzinit-prod",
            "domain_name": "wuzinit-prod",
            "ebs_options": [
              {
                "ebs_enabled": true,
                "iops": 0,
                "volume_size": 10,
                "volume_type": "gp2"
              }
            ],
            "elasticsearch_version": "6.7",
            "encrypt_at_rest": [
              {
                "enabled": false,
                "kms_key_id": ""
              }
            ],
            "endpoint": "search-wuzinit-prod-rv5q7sfo7pj2tdqb652uta6h5y.us-west-2.es.amazonaws.com",
            "id": "arn:aws:es:us-west-2:238754394093:domain/wuzinit-prod",
            "kibana_endpoint": "search-wuzinit-prod-rv5q7sfo7pj2tdqb652uta6h5y.us-west-2.es.amazonaws.com/_plugin/kibana/",
            "log_publishing_options": [],
            "node_to_node_encryption": [
              {
                "enabled": false
              }
            ],
            "snapshot_options": [
              {
                "automated_snapshot_start_hour": 0
              }
            ],
            "tags": {
              "Environment": "production"
            },
            "vpc_options": []
          },
          "private": "bnVsbA==",
          "dependencies": [
            "aws_eip.nat_eip",
            "aws_nat_gateway.wuzinit_nat",
            "aws_subnet.wuzinit_public_subnet",
            "aws_vpc.wuzinit_vpc"
          ]
        }
      ]
    },
    {
      "mode": "managed",
      "type": "aws_iam_group",
      "name": "wuzinit-app-user-group",
      "provider": "provider.aws",
      "instances": [
        {
          "schema_version": 0,
          "attributes": {
            "arn": "arn:aws:iam::238754394093:group/wuzinit/WuzinitAppUserGroup",
            "id": "WuzinitAppUserGroup",
            "name": "WuzinitAppUserGroup",
            "path": "/wuzinit/",
            "unique_id": "AGPATPFW657WXEUT6H7GS"
          },
          "private": "bnVsbA=="
        }
      ]
    },
    {
      "mode": "managed",
      "type": "aws_iam_group",
      "name": "wuzinit-dev-user-group",
      "provider": "provider.aws",
      "instances": [
        {
          "schema_version": 0,
          "attributes": {
            "arn": "arn:aws:iam::238754394093:group/wuzinit/WuzinitDevUserGroup",
            "id": "WuzinitDevUserGroup",
            "name": "WuzinitDevUserGroup",
            "path": "/wuzinit/",
            "unique_id": "AGPATPFW657WXTUIZ3QYQ"
          },
          "private": "bnVsbA=="
        }
      ]
    },
    {
      "mode": "managed",
      "type": "aws_iam_group_policy",
      "name": "wuzinit-app-user-group-policy",
      "provider": "provider.aws",
      "instances": [
        {
          "schema_version": 0,
          "attributes": {
            "group": "WuzinitAppUserGroup",
            "id": "WuzinitAppUserGroup:WuzinitAppUserGroupPolicy",
            "name": "WuzinitAppUserGroupPolicy",
            "name_prefix": null,
            "policy": "{\n  \"Version\": \"2012-10-17\",\n  \"Statement\": [\n    {\n      \"Action\": [\n        \"s3:List*\",\n        \"s3:PutObject*\"\n      ],\n      \"Effect\": \"Allow\",\n      \"Resource\": \"arn:aws:s3:::wuzinit-product-images-bucket/*\"\n    },\n    {\n      \"Action\": [\n        \"rekognition:DetectText\"\n      ],\n      \"Effect\": \"Allow\",\n      \"Resource\": \"*\"\n    },\n    {\n      \"Action\": [\n        \"textract:AnalyzeDocument\",\n        \"textract:DetectDocumentText\"\n      ],\n      \"Effect\": \"Allow\",\n      \"Resource\": \"*\"\n    }\n  ]\n}\n"
          },
          "private": "bnVsbA==",
          "dependencies": [
            "aws_iam_group.wuzinit-app-user-group",
            "aws_s3_bucket.product_images_bucket"
          ]
        }
      ]
    },
    {
      "mode": "managed",
      "type": "aws_iam_group_policy",
      "name": "wuzinit-dev-user-group-policy",
      "provider": "provider.aws",
      "instances": [
        {
          "schema_version": 0,
          "attributes": {
            "group": "WuzinitDevUserGroup",
            "id": "WuzinitDevUserGroup:WuzinitDevUserGroupPolicy",
            "name": "WuzinitDevUserGroupPolicy",
            "name_prefix": null,
            "policy": "{\n  \"Version\": \"2012-10-17\",\n  \"Statement\": [\n    {\n      \"Action\": [\n        \"dynamodb:BatchGetItem\",\n        \"dynamodb:DescribeTable\",\n        \"dynamodb:Get*\",\n        \"dynamodb:List*\",\n        \"dynamodb:Query\",\n        \"dynamodb:Scan\"\n      ],\n      \"Effect\": \"Allow\",\n      \"Resource\": \"*\"\n    }\n  ]\n}\n"
          },
          "private": "bnVsbA==",
          "dependencies": [
            "aws_iam_group.wuzinit-dev-user-group"
          ]
        }
      ]
    },
    {
      "mode": "managed",
      "type": "aws_iam_role",
      "name": "codebuild_role",
      "provider": "provider.aws",
      "instances": [
        {
          "schema_version": 0,
          "attributes": {
            "arn": "arn:aws:iam::238754394093:role/wuzinit-codebuild-role",
            "assume_role_policy": "{\"Version\":\"2012-10-17\",\"Statement\":[{\"Effect\":\"Allow\",\"Principal\":{\"Service\":\"codebuild.amazonaws.com\"},\"Action\":\"sts:AssumeRole\"}]}",
            "create_date": "2019-07-22T21:17:08Z",
            "description": "",
            "force_detach_policies": false,
            "id": "wuzinit-codebuild-role",
            "max_session_duration": 3600,
            "name": "wuzinit-codebuild-role",
            "name_prefix": null,
            "path": "/",
            "permissions_boundary": null,
            "tags": {},
            "unique_id": "AROATPFW657W4JY6R42F7"
          },
          "private": "bnVsbA=="
        }
      ]
    },
    {
      "mode": "managed",
      "type": "aws_iam_role",
      "name": "lambda_role",
      "provider": "provider.aws",
      "instances": [
        {
          "schema_version": 0,
          "attributes": {
            "arn": "arn:aws:iam::238754394093:role/WuzinitLambdaRole",
            "assume_role_policy": "{\"Version\":\"2012-10-17\",\"Statement\":[{\"Sid\":\"\",\"Effect\":\"Allow\",\"Principal\":{\"Service\":\"lambda.amazonaws.com\"},\"Action\":\"sts:AssumeRole\"}]}",
            "create_date": "2019-07-10T21:56:44Z",
            "description": "",
            "force_detach_policies": false,
            "id": "WuzinitLambdaRole",
            "max_session_duration": 3600,
            "name": "WuzinitLambdaRole",
            "name_prefix": null,
            "path": "/",
            "permissions_boundary": null,
            "tags": {
              "Environment": "production"
            },
            "unique_id": "AROATPFW657WSDDT3XPJH"
          }
        }
      ]
    },
    {
      "mode": "managed",
      "type": "aws_iam_role_policy",
      "name": "codebuild_role_policy",
      "provider": "provider.aws",
      "instances": [
        {
          "schema_version": 0,
          "attributes": {
            "id": "wuzinit-codebuild-role:terraform-20190722211709220300000001",
            "name": "terraform-20190722211709220300000001",
            "name_prefix": null,
            "policy": "{\n  \"Version\": \"2012-10-17\",\n  \"Statement\": [\n    {\n      \"Effect\": \"Allow\",\n      \"Action\": [\n        \"logs:CreateLogGroup\",\n        \"logs:CreateLogStream\",\n        \"logs:PutLogEvents\"\n      ],\n      \"Resource\": [\n        \"arn:aws:logs:us-west-2:238754394093:log-group:*\"\n      ]\n    },\n    {\n      \"Effect\": \"Allow\",\n      \"Action\": [\n        \"s3:*\"\n      ],\n      \"Resource\": [\n        \"arn:aws:s3:::wuzinit-codebuild-logs\",\n        \"arn:aws:s3:::wuzinit-codebuild-logs/*\"\n      ]\n    },\n    {\n      \"Effect\": \"Allow\",\n      \"Action\": [\n        \"ecr:List*\",\n        \"ecr:Get*\",\n        \"ecr:Describe*\",\n        \"ecr:BatchGetImage\",\n        \"ecr:BatchCheckLayerAvailability\"\n      ],\n      \"Resource\": [\n        \"*\"\n      ]\n    },\n    {\n      \"Effect\": \"Allow\",\n      \"Action\": [\n        \"lambda:*\"\n      ],\n      \"Resource\": [\n        \"arn:aws:lambda:us-west-2:238754394093:*\"\n      ]\n    },\n    {\n      \"Effect\": \"Allow\",\n      \"Action\": [\n        \"apigateway:*\"\n      ],\n      \"Resource\": [\n        \"arn:aws:apigateway:us-west-2::*\"\n      ]\n    }\n  ]\n}\n",
            "role": "wuzinit-codebuild-role"
          },
          "private": "bnVsbA==",
          "dependencies": [
            "aws_iam_role.codebuild_role",
            "aws_s3_bucket.codebuild_logs"
          ]
        }
      ]
    },
    {
      "mode": "managed",
      "type": "aws_iam_role_policy",
      "name": "lambda_role_policy",
      "provider": "provider.aws",
      "instances": [
        {
          "schema_version": 0,
          "attributes": {
            "id": "WuzinitLambdaRole:WuzinitLambdaPolicy",
            "name": "WuzinitLambdaPolicy",
            "name_prefix": null,
            "policy": "{\n  \"Version\": \"2012-10-17\",\n  \"Statement\": [\n    {\n      \"Action\": [\n        \"dynamodb:Batch*\",\n        \"dynamodb:ConditionCheckItem\",\n        \"dynamodb:DeleteItem\",\n        \"dynamodb:GetItem\",\n        \"dynamodb:PutItem\",\n        \"dynamodb:Query\",\n        \"dynamodb:Scan\",\n        \"dynamodb:UpdateItem\"\n      ],\n      \"Effect\": \"Allow\",\n      \"Resource\": \"arn:aws:dynamodb:us-west-2:238754394093:table/*\"\n    },\n    {\n      \"Action\": [\n        \"logs:*\"\n      ],\n      \"Effect\": \"Allow\",\n      \"Resource\": \"arn:aws:logs:us-west-2:238754394093:log-group:/aws/lambda/*\"\n    },\n    {\n      \"Action\": [\n        \"es:ESHttp*\"\n      ],\n      \"Effect\": \"Allow\",\n      \"Resource\": \"arn:aws:es:us-west-2:238754394093:domain/*\"\n    },\n    {\n      \"Action\": [\n        \"lambda:InvokeFunction\"\n      ],\n      \"Effect\": \"Allow\",\n      \"Resource\": \"*\"\n    }\n  ]\n}\n",
            "role": "WuzinitLambdaRole"
          },
          "private": "bnVsbA==",
          "dependencies": [
            "aws_iam_role.lambda_role"
          ]
        }
      ]
    },
    {
      "mode": "managed",
      "type": "aws_iam_role_policy_attachment",
      "name": "lambda_vpc_access_role_policy_attachment",
      "provider": "provider.aws",
      "instances": [
        {
          "schema_version": 0,
          "attributes": {
            "id": "WuzinitLambdaRole-20190809213559239800000001",
            "policy_arn": "arn:aws:iam::aws:policy/service-role/AWSLambdaVPCAccessExecutionRole",
            "role": "WuzinitLambdaRole"
          },
          "private": "bnVsbA==",
          "dependencies": [
            "aws_iam_role.lambda_role"
          ]
        }
      ]
    },
    {
      "mode": "managed",
      "type": "aws_iam_user",
      "name": "wuzinit-app-user",
      "provider": "provider.aws",
      "instances": [
        {
          "schema_version": 0,
          "attributes": {
            "arn": "arn:aws:iam::238754394093:user/wuzinit/WuzinitAppUser",
            "force_destroy": false,
            "id": "WuzinitAppUser",
            "name": "WuzinitAppUser",
            "path": "/wuzinit/",
            "permissions_boundary": null,
            "tags": {
              "Environment": "production"
            },
            "unique_id": "AIDATPFW657WQO344KLRK"
          },
          "private": "bnVsbA=="
        }
      ]
    },
    {
      "mode": "managed",
      "type": "aws_iam_user_group_membership",
      "name": "wuzinit-app-user",
      "provider": "provider.aws",
      "instances": [
        {
          "schema_version": 0,
          "attributes": {
            "groups": [
              "WuzinitAppUserGroup"
            ],
            "id": "terraform-20191125155055097600000001",
            "user": "WuzinitAppUser"
          },
          "private": "bnVsbA==",
          "dependencies": [
            "aws_iam_group.wuzinit-app-user-group",
            "aws_iam_user.wuzinit-app-user"
          ]
        }
      ]
    },
    {
      "mode": "managed",
      "type": "aws_internet_gateway",
      "name": "wuzinit_igw",
      "provider": "provider.aws",
      "instances": [
        {
          "schema_version": 0,
          "attributes": {
            "id": "igw-0ef9b759475b1182d",
            "owner_id": "238754394093",
            "tags": {
              "Name": "wuzinit igw"
            },
            "vpc_id": "vpc-081b9229dad9b7cc1"
          },
          "private": "bnVsbA==",
          "dependencies": [
            "aws_vpc.wuzinit_vpc"
          ]
        }
      ]
    },
    {
      "mode": "managed",
      "type": "aws_kms_key",
      "name": "default_key",
      "provider": "provider.aws",
      "instances": [
        {
          "schema_version": 0,
          "attributes": {
            "arn": "arn:aws:kms:us-west-2:238754394093:key/4b2001d4-f1c7-47c4-a555-c4022d5abc0b",
            "deletion_window_in_days": null,
            "description": "Default KMS key for Wuzinit",
            "enable_key_rotation": false,
            "id": "4b2001d4-f1c7-47c4-a555-c4022d5abc0b",
            "is_enabled": true,
            "key_id": "4b2001d4-f1c7-47c4-a555-c4022d5abc0b",
            "key_usage": "ENCRYPT_DECRYPT",
            "policy": "{\"Statement\":[{\"Action\":\"kms:*\",\"Effect\":\"Allow\",\"Principal\":{\"AWS\":\"arn:aws:iam::238754394093:root\"},\"Resource\":\"*\"},{\"Action\":[\"kms:Decrypt\",\"kms:ListAliases\",\"kms:ListKeys\",\"kms:DescribeKey\"],\"Effect\":\"Allow\",\"Principal\":{\"AWS\":\"arn:aws:iam::238754394093:role/WuzinitLambdaRole\"},\"Resource\":\"*\"}],\"Version\":\"2012-10-17\"}",
            "tags": {}
          },
          "private": "bnVsbA==",
          "dependencies": [
            "aws_iam_role.lambda_role"
          ]
        }
      ]
    },
    {
      "mode": "managed",
      "type": "aws_nat_gateway",
      "name": "wuzinit_nat",
      "provider": "provider.aws",
      "instances": [
        {
          "schema_version": 0,
          "attributes": {
            "allocation_id": "eipalloc-0ab35ffff8ae521c4",
            "id": "nat-076da25e5a7db16a8",
            "network_interface_id": "eni-045504c1ff858b984",
            "private_ip": "10.0.192.72",
            "public_ip": "52.36.179.92",
            "subnet_id": "subnet-00bc0028d8c40085a",
            "tags": {
              "Environment": "production",
              "Name": "wuzinit NAT"
            }
          },
          "private": "bnVsbA==",
          "dependencies": [
            "aws_eip.nat_eip",
            "aws_subnet.wuzinit_public_subnet",
            "aws_vpc.wuzinit_vpc"
          ]
        }
      ]
    },
    {
      "mode": "managed",
      "type": "aws_route_table",
      "name": "wuzinit_igw_route_table",
      "provider": "provider.aws",
      "instances": [
        {
          "schema_version": 0,
          "attributes": {
            "id": "rtb-0262e173e260daab9",
            "owner_id": "238754394093",
            "propagating_vgws": [],
            "route": [
              {
                "cidr_block": "0.0.0.0/0",
                "egress_only_gateway_id": "",
                "gateway_id": "igw-0ef9b759475b1182d",
                "instance_id": "",
                "ipv6_cidr_block": "",
                "nat_gateway_id": "",
                "network_interface_id": "",
                "transit_gateway_id": "",
                "vpc_peering_connection_id": ""
              }
            ],
            "tags": {
              "Environment": "production",
              "Name": "wuzinit"
            },
            "vpc_id": "vpc-081b9229dad9b7cc1"
          },
          "private": "bnVsbA==",
          "dependencies": [
            "aws_internet_gateway.wuzinit_igw",
            "aws_vpc.wuzinit_vpc"
          ]
        }
      ]
    },
    {
      "mode": "managed",
      "type": "aws_route_table",
      "name": "wuzinit_nat_route_table",
      "provider": "provider.aws",
      "instances": [
        {
          "schema_version": 0,
          "attributes": {
            "id": "rtb-004e8a133e04c64b7",
            "owner_id": "238754394093",
            "propagating_vgws": [],
            "route": [
              {
                "cidr_block": "0.0.0.0/0",
                "egress_only_gateway_id": "",
                "gateway_id": "",
                "instance_id": "",
                "ipv6_cidr_block": "",
                "nat_gateway_id": "nat-076da25e5a7db16a8",
                "network_interface_id": "",
                "transit_gateway_id": "",
                "vpc_peering_connection_id": ""
              }
            ],
            "tags": {
              "Environment": "production",
              "Name": "wuzinit"
            },
            "vpc_id": "vpc-081b9229dad9b7cc1"
          },
          "private": "bnVsbA==",
          "dependencies": [
            "aws_eip.nat_eip",
            "aws_nat_gateway.wuzinit_nat",
            "aws_subnet.wuzinit_public_subnet",
            "aws_vpc.wuzinit_vpc"
          ]
        }
      ]
    },
    {
      "mode": "managed",
      "type": "aws_route_table_association",
      "name": "private_a",
      "provider": "provider.aws",
      "instances": [
        {
          "schema_version": 0,
          "attributes": {
            "id": "rtbassoc-058dc9fe35f316c2f",
            "route_table_id": "rtb-004e8a133e04c64b7",
            "subnet_id": "subnet-039cadb2b70dc6ee1"
          },
          "private": "bnVsbA==",
          "dependencies": [
            "aws_eip.nat_eip",
            "aws_nat_gateway.wuzinit_nat",
            "aws_route_table.wuzinit_nat_route_table",
            "aws_subnet.wuzinit_private_subnet_a",
            "aws_subnet.wuzinit_public_subnet",
            "aws_vpc.wuzinit_vpc"
          ]
        }
      ]
    },
    {
      "mode": "managed",
      "type": "aws_route_table_association",
      "name": "private_b",
      "provider": "provider.aws",
      "instances": [
        {
          "schema_version": 0,
          "attributes": {
            "id": "rtbassoc-069647765ff4f6af6",
            "route_table_id": "rtb-004e8a133e04c64b7",
            "subnet_id": "subnet-057c30136acddb0df"
          },
          "private": "bnVsbA==",
          "dependencies": [
            "aws_eip.nat_eip",
            "aws_nat_gateway.wuzinit_nat",
            "aws_route_table.wuzinit_nat_route_table",
            "aws_subnet.wuzinit_private_subnet_b",
            "aws_subnet.wuzinit_public_subnet",
            "aws_vpc.wuzinit_vpc"
          ]
        }
      ]
    },
    {
      "mode": "managed",
      "type": "aws_route_table_association",
      "name": "public",
      "provider": "provider.aws",
      "instances": [
        {
          "schema_version": 0,
          "attributes": {
            "id": "rtbassoc-0db94631a9d409ab6",
            "route_table_id": "rtb-0262e173e260daab9",
            "subnet_id": "subnet-00bc0028d8c40085a"
          },
          "private": "bnVsbA==",
          "dependencies": [
            "aws_internet_gateway.wuzinit_igw",
            "aws_route_table.wuzinit_igw_route_table",
            "aws_subnet.wuzinit_public_subnet",
            "aws_vpc.wuzinit_vpc"
          ]
        }
      ]
    },
    {
      "mode": "managed",
      "type": "aws_s3_bucket",
      "name": "codebuild_logs",
      "provider": "provider.aws",
      "instances": [
        {
          "schema_version": 0,
          "attributes": {
            "acceleration_status": "",
            "acl": "private",
            "arn": "arn:aws:s3:::wuzinit-codebuild-logs",
            "bucket": "wuzinit-codebuild-logs",
            "bucket_domain_name": "wuzinit-codebuild-logs.s3.amazonaws.com",
            "bucket_prefix": null,
            "bucket_regional_domain_name": "wuzinit-codebuild-logs.s3.us-west-2.amazonaws.com",
            "cors_rule": [],
            "force_destroy": false,
            "hosted_zone_id": "Z3BJ6K6RIION7M",
            "id": "wuzinit-codebuild-logs",
            "lifecycle_rule": [],
            "logging": [],
            "object_lock_configuration": [],
            "policy": null,
            "region": "us-west-2",
            "replication_configuration": [],
            "request_payer": "BucketOwner",
            "server_side_encryption_configuration": [],
            "tags": {},
            "versioning": [
              {
                "enabled": false,
                "mfa_delete": false
              }
            ],
            "website": [],
            "website_domain": null,
            "website_endpoint": null
          },
          "private": "bnVsbA=="
        }
      ]
    },
    {
      "mode": "managed",
      "type": "aws_s3_bucket",
      "name": "product_images_bucket",
      "provider": "provider.aws",
      "instances": [
        {
          "schema_version": 0,
          "attributes": {
            "acceleration_status": "",
            "acl": "private",
            "arn": "arn:aws:s3:::wuzinit-product-images-bucket",
            "bucket": "wuzinit-product-images-bucket",
            "bucket_domain_name": "wuzinit-product-images-bucket.s3.amazonaws.com",
            "bucket_prefix": null,
            "bucket_regional_domain_name": "wuzinit-product-images-bucket.s3.us-west-2.amazonaws.com",
            "cors_rule": [
              {
                "allowed_headers": [
                  "*"
                ],
                "allowed_methods": [
                  "HEAD",
                  "GET",
                  "PUT",
                  "POST",
                  "DELETE"
                ],
                "allowed_origins": [
                  "*"
                ],
                "expose_headers": [
                  "ETag"
                ],
                "max_age_seconds": 3000
              }
            ],
            "force_destroy": false,
            "hosted_zone_id": "Z3BJ6K6RIION7M",
            "id": "wuzinit-product-images-bucket",
            "lifecycle_rule": [],
            "logging": [],
            "object_lock_configuration": [],
            "policy": null,
            "region": "us-west-2",
            "replication_configuration": [],
            "request_payer": "BucketOwner",
            "server_side_encryption_configuration": [],
            "tags": {},
            "versioning": [
              {
                "enabled": false,
                "mfa_delete": false
              }
            ],
            "website": [],
            "website_domain": null,
            "website_endpoint": null
          },
          "private": "bnVsbA=="
        }
      ]
    },
    {
      "mode": "managed",
      "type": "aws_s3_bucket",
      "name": "product_images_bucket_logs",
      "provider": "provider.aws",
      "instances": [
        {
          "schema_version": 0,
          "attributes": {
            "acceleration_status": "",
            "acl": "private",
            "arn": "arn:aws:s3:::wuzinit-product-images-bucket-logs",
            "bucket": "wuzinit-product-images-bucket-logs",
            "bucket_domain_name": "wuzinit-product-images-bucket-logs.s3.amazonaws.com",
            "bucket_prefix": null,
            "bucket_regional_domain_name": "wuzinit-product-images-bucket-logs.s3.us-west-2.amazonaws.com",
            "cors_rule": [],
            "force_destroy": false,
            "hosted_zone_id": "Z3BJ6K6RIION7M",
            "id": "wuzinit-product-images-bucket-logs",
            "lifecycle_rule": [],
            "logging": [],
            "object_lock_configuration": [],
            "policy": null,
            "region": "us-west-2",
            "replication_configuration": [],
            "request_payer": "BucketOwner",
            "server_side_encryption_configuration": [],
            "tags": {},
            "versioning": [
              {
                "enabled": false,
                "mfa_delete": false
              }
            ],
            "website": [],
            "website_domain": null,
            "website_endpoint": null
          },
          "private": "bnVsbA=="
        }
      ]
    },
    {
      "mode": "managed",
      "type": "aws_s3_bucket_policy",
      "name": "cloudfront-s3-policy",
      "provider": "provider.aws",
      "instances": [
        {
          "schema_version": 0,
          "attributes": {
            "bucket": "wuzinit-product-images-bucket",
            "id": "wuzinit-product-images-bucket",
            "policy": "{\"Version\":\"2008-10-17\",\"Id\":\"PolicyForCloudFrontPrivateContent\",\"Statement\":[{\"Sid\":\"1\",\"Effect\":\"Allow\",\"Principal\":{\"AWS\":\"arn:aws:iam::cloudfront:user/CloudFront Origin Access Identity E1KH02D0W13LWK\"},\"Action\":\"s3:GetObject\",\"Resource\":\"arn:aws:s3:::wuzinit-product-images-bucket/*\"}]}"
          },
          "private": "bnVsbA==",
          "dependencies": [
            "aws_cloudfront_origin_access_identity.wuzinit-product-images-access-identity",
            "aws_s3_bucket.product_images_bucket"
          ]
        }
      ]
    },
    {
      "mode": "managed",
      "type": "aws_security_group",
      "name": "wuzinit_lambda_sg",
      "provider": "provider.aws",
      "instances": [
        {
          "schema_version": 1,
          "attributes": {
            "arn": "arn:aws:ec2:us-west-2:238754394093:security-group/sg-0095bf88149edf96d",
            "description": "Allow all inbound/outbound traffic from within the private subnet ranges",
            "egress": [
              {
                "cidr_blocks": [
                  "0.0.0.0/0"
                ],
                "description": "",
                "from_port": 443,
                "ipv6_cidr_blocks": [],
                "prefix_list_ids": [],
                "protocol": "tcp",
                "security_groups": [],
                "self": false,
                "to_port": 443
              }
            ],
            "id": "sg-0095bf88149edf96d",
            "ingress": [
              {
                "cidr_blocks": [
                  "10.0.0.0/16"
                ],
                "description": "",
                "from_port": 0,
                "ipv6_cidr_blocks": [],
                "prefix_list_ids": [],
                "protocol": "-1",
                "security_groups": [],
                "self": false,
                "to_port": 0
              }
            ],
            "name": "lambda_sg",
            "name_prefix": null,
            "owner_id": "238754394093",
            "revoke_rules_on_delete": false,
            "tags": {
              "Environment": "production",
              "Name": "wuzinit lambda sg"
            },
            "timeouts": null,
            "vpc_id": "vpc-081b9229dad9b7cc1"
          },
          "private": "eyJlMmJmYjczMC1lY2FhLTExZTYtOGY4OC0zNDM2M2JjN2M0YzAiOnsiY3JlYXRlIjo2MDAwMDAwMDAwMDAsImRlbGV0ZSI6NjAwMDAwMDAwMDAwfSwic2NoZW1hX3ZlcnNpb24iOiIxIn0=",
          "dependencies": [
            "aws_vpc.wuzinit_vpc"
          ]
        }
      ]
    },
    {
      "mode": "managed",
      "type": "aws_subnet",
      "name": "wuzinit_private_subnet_a",
      "provider": "provider.aws",
      "instances": [
        {
          "schema_version": 1,
          "attributes": {
            "arn": "arn:aws:ec2:us-west-2:238754394093:subnet/subnet-039cadb2b70dc6ee1",
            "assign_ipv6_address_on_creation": false,
            "availability_zone": "us-west-2a",
            "availability_zone_id": "usw2-az2",
            "cidr_block": "10.0.0.0/18",
            "id": "subnet-039cadb2b70dc6ee1",
            "ipv6_cidr_block": "",
            "ipv6_cidr_block_association_id": "",
            "map_public_ip_on_launch": false,
            "owner_id": "238754394093",
            "tags": {
              "Environment": "production",
              "Name": "wuzinit private"
            },
            "timeouts": null,
            "vpc_id": "vpc-081b9229dad9b7cc1"
          },
          "private": "eyJlMmJmYjczMC1lY2FhLTExZTYtOGY4OC0zNDM2M2JjN2M0YzAiOnsiY3JlYXRlIjo2MDAwMDAwMDAwMDAsImRlbGV0ZSI6MTIwMDAwMDAwMDAwMH0sInNjaGVtYV92ZXJzaW9uIjoiMSJ9",
          "dependencies": [
            "aws_vpc.wuzinit_vpc"
          ]
        }
      ]
    },
    {
      "mode": "managed",
      "type": "aws_subnet",
      "name": "wuzinit_private_subnet_b",
      "provider": "provider.aws",
      "instances": [
        {
          "schema_version": 1,
          "attributes": {
            "arn": "arn:aws:ec2:us-west-2:238754394093:subnet/subnet-057c30136acddb0df",
            "assign_ipv6_address_on_creation": false,
            "availability_zone": "us-west-2b",
            "availability_zone_id": "usw2-az1",
            "cidr_block": "10.0.64.0/18",
            "id": "subnet-057c30136acddb0df",
            "ipv6_cidr_block": "",
            "ipv6_cidr_block_association_id": "",
            "map_public_ip_on_launch": false,
            "owner_id": "238754394093",
            "tags": {
              "Environment": "production",
              "Name": "wuzinit private"
            },
            "timeouts": null,
            "vpc_id": "vpc-081b9229dad9b7cc1"
          },
          "private": "eyJlMmJmYjczMC1lY2FhLTExZTYtOGY4OC0zNDM2M2JjN2M0YzAiOnsiY3JlYXRlIjo2MDAwMDAwMDAwMDAsImRlbGV0ZSI6MTIwMDAwMDAwMDAwMH0sInNjaGVtYV92ZXJzaW9uIjoiMSJ9",
          "dependencies": [
            "aws_vpc.wuzinit_vpc"
          ]
        }
      ]
    },
    {
      "mode": "managed",
      "type": "aws_subnet",
      "name": "wuzinit_public_subnet",
      "provider": "provider.aws",
      "instances": [
        {
          "schema_version": 1,
          "attributes": {
            "arn": "arn:aws:ec2:us-west-2:238754394093:subnet/subnet-00bc0028d8c40085a",
            "assign_ipv6_address_on_creation": false,
            "availability_zone": "us-west-2b",
            "availability_zone_id": "usw2-az1",
            "cidr_block": "10.0.192.0/24",
            "id": "subnet-00bc0028d8c40085a",
            "ipv6_cidr_block": "",
            "ipv6_cidr_block_association_id": "",
            "map_public_ip_on_launch": false,
            "owner_id": "238754394093",
            "tags": {
              "Environment": "production",
              "Name": "wuzinit DNZ"
            },
            "timeouts": null,
            "vpc_id": "vpc-081b9229dad9b7cc1"
          },
          "private": "eyJlMmJmYjczMC1lY2FhLTExZTYtOGY4OC0zNDM2M2JjN2M0YzAiOnsiY3JlYXRlIjo2MDAwMDAwMDAwMDAsImRlbGV0ZSI6MTIwMDAwMDAwMDAwMH0sInNjaGVtYV92ZXJzaW9uIjoiMSJ9",
          "dependencies": [
            "aws_vpc.wuzinit_vpc"
          ]
        }
      ]
    },
    {
      "mode": "managed",
      "type": "aws_vpc",
      "name": "wuzinit_vpc",
      "provider": "provider.aws",
      "instances": [
        {
          "schema_version": 1,
          "attributes": {
            "arn": "arn:aws:ec2:us-west-2:238754394093:vpc/vpc-081b9229dad9b7cc1",
            "assign_generated_ipv6_cidr_block": false,
            "cidr_block": "10.0.0.0/16",
            "default_network_acl_id": "acl-08b7479a79dfdac5e",
            "default_route_table_id": "rtb-0ec02bb5e13ad334e",
            "default_security_group_id": "sg-09a3a659aca6038c7",
            "dhcp_options_id": "dopt-293a9251",
            "enable_classiclink": false,
            "enable_classiclink_dns_support": false,
            "enable_dns_hostnames": false,
            "enable_dns_support": true,
            "id": "vpc-081b9229dad9b7cc1",
            "instance_tenancy": "default",
            "ipv6_association_id": "",
            "ipv6_cidr_block": "",
            "main_route_table_id": "rtb-0ec02bb5e13ad334e",
            "owner_id": "238754394093",
            "tags": {
              "Environment": "production",
              "Name": "wuzinit"
            }
          },
          "private": "eyJzY2hlbWFfdmVyc2lvbiI6IjEifQ=="
        }
      ]
    }
  ]
}
